
Microsoft Visual Studio Solution File, Format Version 12.00
# Visual Studio Version 17
VisualStudioVersion = 17.2.32526.322
MinimumVisualStudioVersion = 10.0.40219.1
Project("{FAE04EC0-301F-11D3-BF4B-00C04F79EFBC}") = "Vetor", "Vetor\Vetor.csproj", "{D771D9D8-E584-46FF-9653-1ABA8DA0031E}"
EndProject
Global
	GlobalSection(SolutionConfigurationPlatforms) = preSolution
		Debug|Any CPU = Debug|Any CPU
		Release|Any CPU = Release|Any CPU
	EndGlobalSection
	GlobalSection(ProjectConfigurationPlatforms) = postSolution
		{D771D9D8-E584-46FF-9653-1ABA8DA0031E}.Debug|Any CPU.ActiveCfg = Debug|Any CPU
		{D771D9D8-E584-46FF-9653-1ABA8DA0031E}.Debug|Any CPU.Build.0 = Debug|Any CPU
		{D771D9D8-E584-46FF-9653-1ABA8DA0031E}.Release|Any CPU.ActiveCfg = Release|Any CPU
		{D771D9D8-E584-46FF-9653-1ABA8DA0031E}.Release|Any CPU.Build.0 = Release|Any CPU
	EndGlobalSection
	GlobalSection(SolutionProperties) = preSolution
		HideSolutionNode = FALSE
	EndGlobalSection
	GlobalSection(ExtensibilityGlobals) = postSolution
		SolutionGuid = {AFAB4948-4C90-4AF5-9F82-4883CE2C071A}
	EndGlobalSection
EndGlobal
